
Microsoft Visual Studio Solution File, Format Version 12.00
# Visual Studio Version 16
VisualStudioVersion = 25.0.1706.9
MinimumVisualStudioVersion = 10.0.40219.1
Project("{FAE04EC0-301F-11D3-BF4B-00C04F79EFBC}") = "HelloCsharp", "HelloCsharp\HelloCsharp.csproj", "{BE32E5C1-8003-4285-98EA-49953F98ADBA}"
EndProject
Global
	GlobalSection(SolutionConfigurationPlatforms) = preSolution
		Debug|Any CPU = Debug|Any CPU
		Release|Any CPU = Release|Any CPU
	EndGlobalSection
	GlobalSection(ProjectConfigurationPlatforms) = postSolution
		{BE32E5C1-8003-4285-98EA-49953F98ADBA}.Debug|Any CPU.ActiveCfg = Debug|Any CPU
		{BE32E5C1-8003-4285-98EA-49953F98ADBA}.Debug|Any CPU.Build.0 = Debug|Any CPU
		{BE32E5C1-8003-4285-98EA-49953F98ADBA}.Release|Any CPU.ActiveCfg = Release|Any CPU
		{BE32E5C1-8003-4285-98EA-49953F98ADBA}.Release|Any CPU.Build.0 = Release|Any CPU
	EndGlobalSection
	GlobalSection(SolutionProperties) = preSolution
		HideSolutionNode = FALSE
	EndGlobalSection
	GlobalSection(ExtensibilityGlobals) = postSolution
		SolutionGuid = {03F4BD3F-3723-45C4-AD3D-B3633768A28E}
	EndGlobalSection
EndGlobal
